// !$*UTF8*$!
{
	archiveVersion = 1;
	classes = {
	};
	objectVersion = 56;
	objects = {

/* Begin PBXBuildFile section */
		6F01F9F92BB5D5C20023B2E0 /* FantasyStatTrackerApp.swift in Sources */ = {isa = PBXBuildFile; fileRef = 6F01F9F82BB5D5C20023B2E0 /* FantasyStatTrackerApp.swift */; };
		6F01F9FB2BB5D5C20023B2E0 /* ContentView.swift in Sources */ = {isa = PBXBuildFile; fileRef = 6F01F9FA2BB5D5C20023B2E0 /* ContentView.swift */; };
		6F01F9FD2BB5D5C40023B2E0 /* Assets.xcassets in Resources */ = {isa = PBXBuildFile; fileRef = 6F01F9FC2BB5D5C40023B2E0 /* Assets.xcassets */; };
		6F01FA002BB5D5C40023B2E0 /* Preview Assets.xcassets in Resources */ = {isa = PBXBuildFile; fileRef = 6F01F9FF2BB5D5C40023B2E0 /* Preview Assets.xcassets */; };
		6F01FA0A2BB5D5C50023B2E0 /* FantasyStatTrackerTests.swift in Sources */ = {isa = PBXBuildFile; fileRef = 6F01FA092BB5D5C50023B2E0 /* FantasyStatTrackerTests.swift */; };
		6F01FA142BB5D5C50023B2E0 /* FantasyStatTrackerUITests.swift in Sources */ = {isa = PBXBuildFile; fileRef = 6F01FA132BB5D5C50023B2E0 /* FantasyStatTrackerUITests.swift */; };
		6F01FA162BB5D5C50023B2E0 /* FantasyStatTrackerUITestsLaunchTests.swift in Sources */ = {isa = PBXBuildFile; fileRef = 6F01FA152BB5D5C50023B2E0 /* FantasyStatTrackerUITestsLaunchTests.swift */; };
		6F01FA232BB5D5DF0023B2E0 /* PlayerList.swift in Sources */ = {isa = PBXBuildFile; fileRef = 6F01FA222BB5D5DF0023B2E0 /* PlayerList.swift */; };
		6F01FA252BB5DCF10023B2E0 /* PlayerRow.swift in Sources */ = {isa = PBXBuildFile; fileRef = 6F01FA242BB5DCF10023B2E0 /* PlayerRow.swift */; };
		6F01FA272BB5DDAB0023B2E0 /* Player.swift in Sources */ = {isa = PBXBuildFile; fileRef = 6F01FA262BB5DDAB0023B2E0 /* Player.swift */; };
		6F01FA292BB5E6AC0023B2E0 /* RetrievePlayerAPIData.swift in Sources */ = {isa = PBXBuildFile; fileRef = 6F01FA282BB5E6AC0023B2E0 /* RetrievePlayerAPIData.swift */; };
		6F5F26A42BBB108E0084DF8B /* GoogleService-Info.plist in Resources */ = {isa = PBXBuildFile; fileRef = 6F5F26A32BBB108E0084DF8B /* GoogleService-Info.plist */; };
		6F5F26A72BBB131A0084DF8B /* FirebaseAnalytics in Frameworks */ = {isa = PBXBuildFile; productRef = 6F5F26A62BBB131A0084DF8B /* FirebaseAnalytics */; };
		6F5F26A92BBB131A0084DF8B /* FirebaseAnalyticsOnDeviceConversion in Frameworks */ = {isa = PBXBuildFile; productRef = 6F5F26A82BBB131A0084DF8B /* FirebaseAnalyticsOnDeviceConversion */; };
		6F5F26AB2BBB131A0084DF8B /* FirebaseAnalyticsSwift in Frameworks */ = {isa = PBXBuildFile; productRef = 6F5F26AA2BBB131A0084DF8B /* FirebaseAnalyticsSwift */; };
		6F5F26AD2BBB131A0084DF8B /* FirebaseAnalyticsWithoutAdIdSupport in Frameworks */ = {isa = PBXBuildFile; productRef = 6F5F26AC2BBB131A0084DF8B /* FirebaseAnalyticsWithoutAdIdSupport */; };
		6F5F26AF2BBB131A0084DF8B /* FirebaseAppCheck in Frameworks */ = {isa = PBXBuildFile; productRef = 6F5F26AE2BBB131A0084DF8B /* FirebaseAppCheck */; };
		6F5F26B12BBB131A0084DF8B /* FirebaseAppDistribution-Beta in Frameworks */ = {isa = PBXBuildFile; productRef = 6F5F26B02BBB131A0084DF8B /* FirebaseAppDistribution-Beta */; };
		6F5F26B32BBB131A0084DF8B /* FirebaseAuth in Frameworks */ = {isa = PBXBuildFile; productRef = 6F5F26B22BBB131A0084DF8B /* FirebaseAuth */; };
		6F5F26B52BBB131A0084DF8B /* FirebaseAuthCombine-Community in Frameworks */ = {isa = PBXBuildFile; productRef = 6F5F26B42BBB131A0084DF8B /* FirebaseAuthCombine-Community */; };
		6F5F26B72BBB131A0084DF8B /* FirebaseCrashlytics in Frameworks */ = {isa = PBXBuildFile; productRef = 6F5F26B62BBB131A0084DF8B /* FirebaseCrashlytics */; };
		6F5F26B92BBB131A0084DF8B /* FirebaseDatabase in Frameworks */ = {isa = PBXBuildFile; productRef = 6F5F26B82BBB131A0084DF8B /* FirebaseDatabase */; };
		6F5F26BB2BBB131A0084DF8B /* FirebaseDatabaseSwift in Frameworks */ = {isa = PBXBuildFile; productRef = 6F5F26BA2BBB131A0084DF8B /* FirebaseDatabaseSwift */; };
		6F5F26BD2BBB131A0084DF8B /* FirebaseDynamicLinks in Frameworks */ = {isa = PBXBuildFile; productRef = 6F5F26BC2BBB131A0084DF8B /* FirebaseDynamicLinks */; };
		6F5F26BF2BBB131A0084DF8B /* FirebaseFirestore in Frameworks */ = {isa = PBXBuildFile; productRef = 6F5F26BE2BBB131A0084DF8B /* FirebaseFirestore */; };
		6F5F26C12BBB131A0084DF8B /* FirebaseFirestoreCombine-Community in Frameworks */ = {isa = PBXBuildFile; productRef = 6F5F26C02BBB131A0084DF8B /* FirebaseFirestoreCombine-Community */; };
		6F5F26C32BBB131A0084DF8B /* FirebaseFirestoreSwift in Frameworks */ = {isa = PBXBuildFile; productRef = 6F5F26C22BBB131A0084DF8B /* FirebaseFirestoreSwift */; };
		6F5F26C52BBB131A0084DF8B /* FirebaseFunctions in Frameworks */ = {isa = PBXBuildFile; productRef = 6F5F26C42BBB131A0084DF8B /* FirebaseFunctions */; };
		6F5F26C72BBB131A0084DF8B /* FirebaseFunctionsCombine-Community in Frameworks */ = {isa = PBXBuildFile; productRef = 6F5F26C62BBB131A0084DF8B /* FirebaseFunctionsCombine-Community */; };
		6F5F26C92BBB131A0084DF8B /* FirebaseInAppMessaging-Beta in Frameworks */ = {isa = PBXBuildFile; productRef = 6F5F26C82BBB131A0084DF8B /* FirebaseInAppMessaging-Beta */; };
		6F5F26CB2BBB131A0084DF8B /* FirebaseInAppMessagingSwift-Beta in Frameworks */ = {isa = PBXBuildFile; productRef = 6F5F26CA2BBB131A0084DF8B /* FirebaseInAppMessagingSwift-Beta */; };
		6F5F26CD2BBB131A0084DF8B /* FirebaseInstallations in Frameworks */ = {isa = PBXBuildFile; productRef = 6F5F26CC2BBB131A0084DF8B /* FirebaseInstallations */; };
		6F5F26CF2BBB131A0084DF8B /* FirebaseMLModelDownloader in Frameworks */ = {isa = PBXBuildFile; productRef = 6F5F26CE2BBB131A0084DF8B /* FirebaseMLModelDownloader */; };
		6F5F26D12BBB131A0084DF8B /* FirebaseMessaging in Frameworks */ = {isa = PBXBuildFile; productRef = 6F5F26D02BBB131A0084DF8B /* FirebaseMessaging */; };
		6F5F26D32BBB131A0084DF8B /* FirebasePerformance in Frameworks */ = {isa = PBXBuildFile; productRef = 6F5F26D22BBB131A0084DF8B /* FirebasePerformance */; };
		6F5F26D52BBB131A0084DF8B /* FirebaseRemoteConfig in Frameworks */ = {isa = PBXBuildFile; productRef = 6F5F26D42BBB131A0084DF8B /* FirebaseRemoteConfig */; };
		6F5F26D72BBB131A0084DF8B /* FirebaseRemoteConfigSwift in Frameworks */ = {isa = PBXBuildFile; productRef = 6F5F26D62BBB131A0084DF8B /* FirebaseRemoteConfigSwift */; };
		6F5F26D92BBB131A0084DF8B /* FirebaseStorage in Frameworks */ = {isa = PBXBuildFile; productRef = 6F5F26D82BBB131A0084DF8B /* FirebaseStorage */; };
		6F5F26DB2BBB131A0084DF8B /* FirebaseStorageCombine-Community in Frameworks */ = {isa = PBXBuildFile; productRef = 6F5F26DA2BBB131A0084DF8B /* FirebaseStorageCombine-Community */; };
		6F5F26DD2BBB16420084DF8B /* PlayerView.swift in Sources */ = {isa = PBXBuildFile; fileRef = 6F5F26DC2BBB16410084DF8B /* PlayerView.swift */; };
/* End PBXBuildFile section */

/* Begin PBXContainerItemProxy section */
		6F01FA062BB5D5C50023B2E0 /* PBXContainerItemProxy */ = {
			isa = PBXContainerItemProxy;
			containerPortal = 6F01F9ED2BB5D5C20023B2E0 /* Project object */;
			proxyType = 1;
			remoteGlobalIDString = 6F01F9F42BB5D5C20023B2E0;
			remoteInfo = FantasyStatTracker;
		};
		6F01FA102BB5D5C50023B2E0 /* PBXContainerItemProxy */ = {
			isa = PBXContainerItemProxy;
			containerPortal = 6F01F9ED2BB5D5C20023B2E0 /* Project object */;
			proxyType = 1;
			remoteGlobalIDString = 6F01F9F42BB5D5C20023B2E0;
			remoteInfo = FantasyStatTracker;
		};
/* End PBXContainerItemProxy section */

/* Begin PBXFileReference section */
		6F01F9F52BB5D5C20023B2E0 /* FantasyStatTracker.app */ = {isa = PBXFileReference; explicitFileType = wrapper.application; includeInIndex = 0; path = FantasyStatTracker.app; sourceTree = BUILT_PRODUCTS_DIR; };
		6F01F9F82BB5D5C20023B2E0 /* FantasyStatTrackerApp.swift */ = {isa = PBXFileReference; lastKnownFileType = sourcecode.swift; path = FantasyStatTrackerApp.swift; sourceTree = "<group>"; };
		6F01F9FA2BB5D5C20023B2E0 /* ContentView.swift */ = {isa = PBXFileReference; lastKnownFileType = sourcecode.swift; path = ContentView.swift; sourceTree = "<group>"; };
		6F01F9FC2BB5D5C40023B2E0 /* Assets.xcassets */ = {isa = PBXFileReference; lastKnownFileType = folder.assetcatalog; path = Assets.xcassets; sourceTree = "<group>"; };
		6F01F9FF2BB5D5C40023B2E0 /* Preview Assets.xcassets */ = {isa = PBXFileReference; lastKnownFileType = folder.assetcatalog; path = "Preview Assets.xcassets"; sourceTree = "<group>"; };
		6F01FA052BB5D5C50023B2E0 /* FantasyStatTrackerTests.xctest */ = {isa = PBXFileReference; explicitFileType = wrapper.cfbundle; includeInIndex = 0; path = FantasyStatTrackerTests.xctest; sourceTree = BUILT_PRODUCTS_DIR; };
		6F01FA092BB5D5C50023B2E0 /* FantasyStatTrackerTests.swift */ = {isa = PBXFileReference; lastKnownFileType = sourcecode.swift; path = FantasyStatTrackerTests.swift; sourceTree = "<group>"; };
		6F01FA0F2BB5D5C50023B2E0 /* FantasyStatTrackerUITests.xctest */ = {isa = PBXFileReference; explicitFileType = wrapper.cfbundle; includeInIndex = 0; path = FantasyStatTrackerUITests.xctest; sourceTree = BUILT_PRODUCTS_DIR; };
		6F01FA132BB5D5C50023B2E0 /* FantasyStatTrackerUITests.swift */ = {isa = PBXFileReference; lastKnownFileType = sourcecode.swift; path = FantasyStatTrackerUITests.swift; sourceTree = "<group>"; };
		6F01FA152BB5D5C50023B2E0 /* FantasyStatTrackerUITestsLaunchTests.swift */ = {isa = PBXFileReference; lastKnownFileType = sourcecode.swift; path = FantasyStatTrackerUITestsLaunchTests.swift; sourceTree = "<group>"; };
		6F01FA222BB5D5DF0023B2E0 /* PlayerList.swift */ = {isa = PBXFileReference; lastKnownFileType = sourcecode.swift; path = PlayerList.swift; sourceTree = "<group>"; };
		6F01FA242BB5DCF10023B2E0 /* PlayerRow.swift */ = {isa = PBXFileReference; lastKnownFileType = sourcecode.swift; path = PlayerRow.swift; sourceTree = "<group>"; };
		6F01FA262BB5DDAB0023B2E0 /* Player.swift */ = {isa = PBXFileReference; lastKnownFileType = sourcecode.swift; path = Player.swift; sourceTree = "<group>"; };
		6F01FA282BB5E6AC0023B2E0 /* RetrievePlayerAPIData.swift */ = {isa = PBXFileReference; lastKnownFileType = sourcecode.swift; path = RetrievePlayerAPIData.swift; sourceTree = "<group>"; };
		6F5F26A32BBB108E0084DF8B /* GoogleService-Info.plist */ = {isa = PBXFileReference; fileEncoding = 4; lastKnownFileType = text.plist.xml; path = "GoogleService-Info.plist"; sourceTree = "<group>"; };
		6F5F26DC2BBB16410084DF8B /* PlayerView.swift */ = {isa = PBXFileReference; lastKnownFileType = sourcecode.swift; path = PlayerView.swift; sourceTree = "<group>"; };
/* End PBXFileReference section */

/* Begin PBXFrameworksBuildPhase section */
		6F01F9F22BB5D5C20023B2E0 /* Frameworks */ = {
			isa = PBXFrameworksBuildPhase;
			buildActionMask = 2147483647;
			files = (
				6F5F26B92BBB131A0084DF8B /* FirebaseDatabase in Frameworks */,
				6F5F26C72BBB131A0084DF8B /* FirebaseFunctionsCombine-Community in Frameworks */,
				6F5F26BF2BBB131A0084DF8B /* FirebaseFirestore in Frameworks */,
				6F5F26AB2BBB131A0084DF8B /* FirebaseAnalyticsSwift in Frameworks */,
				6F5F26A72BBB131A0084DF8B /* FirebaseAnalytics in Frameworks */,
				6F5F26A92BBB131A0084DF8B /* FirebaseAnalyticsOnDeviceConversion in Frameworks */,
				6F5F26CF2BBB131A0084DF8B /* FirebaseMLModelDownloader in Frameworks */,
				6F5F26C32BBB131A0084DF8B /* FirebaseFirestoreSwift in Frameworks */,
				6F5F26AF2BBB131A0084DF8B /* FirebaseAppCheck in Frameworks */,
				6F5F26AD2BBB131A0084DF8B /* FirebaseAnalyticsWithoutAdIdSupport in Frameworks */,
				6F5F26B32BBB131A0084DF8B /* FirebaseAuth in Frameworks */,
				6F5F26B72BBB131A0084DF8B /* FirebaseCrashlytics in Frameworks */,
				6F5F26D72BBB131A0084DF8B /* FirebaseRemoteConfigSwift in Frameworks */,
				6F5F26C92BBB131A0084DF8B /* FirebaseInAppMessaging-Beta in Frameworks */,
				6F5F26BB2BBB131A0084DF8B /* FirebaseDatabaseSwift in Frameworks */,
				6F5F26C52BBB131A0084DF8B /* FirebaseFunctions in Frameworks */,
				6F5F26DB2BBB131A0084DF8B /* FirebaseStorageCombine-Community in Frameworks */,
				6F5F26D52BBB131A0084DF8B /* FirebaseRemoteConfig in Frameworks */,
				6F5F26B12BBB131A0084DF8B /* FirebaseAppDistribution-Beta in Frameworks */,
				6F5F26B52BBB131A0084DF8B /* FirebaseAuthCombine-Community in Frameworks */,
				6F5F26D32BBB131A0084DF8B /* FirebasePerformance in Frameworks */,
				6F5F26CB2BBB131A0084DF8B /* FirebaseInAppMessagingSwift-Beta in Frameworks */,
				6F5F26D92BBB131A0084DF8B /* FirebaseStorage in Frameworks */,
				6F5F26BD2BBB131A0084DF8B /* FirebaseDynamicLinks in Frameworks */,
				6F5F26C12BBB131A0084DF8B /* FirebaseFirestoreCombine-Community in Frameworks */,
				6F5F26D12BBB131A0084DF8B /* FirebaseMessaging in Frameworks */,
				6F5F26CD2BBB131A0084DF8B /* FirebaseInstallations in Frameworks */,
			);
			runOnlyForDeploymentPostprocessing = 0;
		};
		6F01FA022BB5D5C50023B2E0 /* Frameworks */ = {
			isa = PBXFrameworksBuildPhase;
			buildActionMask = 2147483647;
			files = (
			);
			runOnlyForDeploymentPostprocessing = 0;
		};
		6F01FA0C2BB5D5C50023B2E0 /* Frameworks */ = {
			isa = PBXFrameworksBuildPhase;
			buildActionMask = 2147483647;
			files = (
			);
			runOnlyForDeploymentPostprocessing = 0;
		};
/* End PBXFrameworksBuildPhase section */

/* Begin PBXGroup section */
		6F01F9EC2BB5D5C20023B2E0 = {
			isa = PBXGroup;
			children = (
				6F5F26DC2BBB16410084DF8B /* PlayerView.swift */,
				6F01F9F72BB5D5C20023B2E0 /* FantasyStatTracker */,
				6F01FA082BB5D5C50023B2E0 /* FantasyStatTrackerTests */,
				6F01FA122BB5D5C50023B2E0 /* FantasyStatTrackerUITests */,
				6F01F9F62BB5D5C20023B2E0 /* Products */,
			);
			sourceTree = "<group>";
		};
		6F01F9F62BB5D5C20023B2E0 /* Products */ = {
			isa = PBXGroup;
			children = (
				6F01F9F52BB5D5C20023B2E0 /* FantasyStatTracker.app */,
				6F01FA052BB5D5C50023B2E0 /* FantasyStatTrackerTests.xctest */,
				6F01FA0F2BB5D5C50023B2E0 /* FantasyStatTrackerUITests.xctest */,
			);
			name = Products;
			sourceTree = "<group>";
		};
		6F01F9F72BB5D5C20023B2E0 /* FantasyStatTracker */ = {
			isa = PBXGroup;
			children = (
				6F01F9F82BB5D5C20023B2E0 /* FantasyStatTrackerApp.swift */,
				6F01F9FA2BB5D5C20023B2E0 /* ContentView.swift */,
				6F01F9FC2BB5D5C40023B2E0 /* Assets.xcassets */,
				6F01F9FE2BB5D5C40023B2E0 /* Preview Content */,
				6F01FA222BB5D5DF0023B2E0 /* PlayerList.swift */,
				6F01FA242BB5DCF10023B2E0 /* PlayerRow.swift */,
				6F01FA262BB5DDAB0023B2E0 /* Player.swift */,
				6F01FA282BB5E6AC0023B2E0 /* RetrievePlayerAPIData.swift */,
				6F5F26A32BBB108E0084DF8B /* GoogleService-Info.plist */,
			);
			path = FantasyStatTracker;
			sourceTree = "<group>";
		};
		6F01F9FE2BB5D5C40023B2E0 /* Preview Content */ = {
			isa = PBXGroup;
			children = (
				6F01F9FF2BB5D5C40023B2E0 /* Preview Assets.xcassets */,
			);
			path = "Preview Content";
			sourceTree = "<group>";
		};
		6F01FA082BB5D5C50023B2E0 /* FantasyStatTrackerTests */ = {
			isa = PBXGroup;
			children = (
				6F01FA092BB5D5C50023B2E0 /* FantasyStatTrackerTests.swift */,
			);
			path = FantasyStatTrackerTests;
			sourceTree = "<group>";
		};
		6F01FA122BB5D5C50023B2E0 /* FantasyStatTrackerUITests */ = {
			isa = PBXGroup;
			children = (
				6F01FA132BB5D5C50023B2E0 /* FantasyStatTrackerUITests.swift */,
				6F01FA152BB5D5C50023B2E0 /* FantasyStatTrackerUITestsLaunchTests.swift */,
			);
			path = FantasyStatTrackerUITests;
			sourceTree = "<group>";
		};
/* End PBXGroup section */

/* Begin PBXNativeTarget section */
		6F01F9F42BB5D5C20023B2E0 /* FantasyStatTracker */ = {
			isa = PBXNativeTarget;
			buildConfigurationList = 6F01FA192BB5D5C50023B2E0 /* Build configuration list for PBXNativeTarget "FantasyStatTracker" */;
			buildPhases = (
				6F01F9F12BB5D5C20023B2E0 /* Sources */,
				6F01F9F22BB5D5C20023B2E0 /* Frameworks */,
				6F01F9F32BB5D5C20023B2E0 /* Resources */,
			);
			buildRules = (
			);
			dependencies = (
			);
			name = FantasyStatTracker;
			packageProductDependencies = (
				6F5F26A62BBB131A0084DF8B /* FirebaseAnalytics */,
				6F5F26A82BBB131A0084DF8B /* FirebaseAnalyticsOnDeviceConversion */,
				6F5F26AA2BBB131A0084DF8B /* FirebaseAnalyticsSwift */,
				6F5F26AC2BBB131A0084DF8B /* FirebaseAnalyticsWithoutAdIdSupport */,
				6F5F26AE2BBB131A0084DF8B /* FirebaseAppCheck */,
				6F5F26B02BBB131A0084DF8B /* FirebaseAppDistribution-Beta */,
				6F5F26B22BBB131A0084DF8B /* FirebaseAuth */,
				6F5F26B42BBB131A0084DF8B /* FirebaseAuthCombine-Community */,
				6F5F26B62BBB131A0084DF8B /* FirebaseCrashlytics */,
				6F5F26B82BBB131A0084DF8B /* FirebaseDatabase */,
				6F5F26BA2BBB131A0084DF8B /* FirebaseDatabaseSwift */,
				6F5F26BC2BBB131A0084DF8B /* FirebaseDynamicLinks */,
				6F5F26BE2BBB131A0084DF8B /* FirebaseFirestore */,
				6F5F26C02BBB131A0084DF8B /* FirebaseFirestoreCombine-Community */,
				6F5F26C22BBB131A0084DF8B /* FirebaseFirestoreSwift */,
				6F5F26C42BBB131A0084DF8B /* FirebaseFunctions */,
				6F5F26C62BBB131A0084DF8B /* FirebaseFunctionsCombine-Community */,
				6F5F26C82BBB131A0084DF8B /* FirebaseInAppMessaging-Beta */,
				6F5F26CA2BBB131A0084DF8B /* FirebaseInAppMessagingSwift-Beta */,
				6F5F26CC2BBB131A0084DF8B /* FirebaseInstallations */,
				6F5F26CE2BBB131A0084DF8B /* FirebaseMLModelDownloader */,
				6F5F26D02BBB131A0084DF8B /* FirebaseMessaging */,
				6F5F26D22BBB131A0084DF8B /* FirebasePerformance */,
				6F5F26D42BBB131A0084DF8B /* FirebaseRemoteConfig */,
				6F5F26D62BBB131A0084DF8B /* FirebaseRemoteConfigSwift */,
				6F5F26D82BBB131A0084DF8B /* FirebaseStorage */,
				6F5F26DA2BBB131A0084DF8B /* FirebaseStorageCombine-Community */,
			);
			productName = FantasyStatTracker;
			productReference = 6F01F9F52BB5D5C20023B2E0 /* FantasyStatTracker.app */;
			productType = "com.apple.product-type.application";
		};
		6F01FA042BB5D5C50023B2E0 /* FantasyStatTrackerTests */ = {
			isa = PBXNativeTarget;
			buildConfigurationList = 6F01FA1C2BB5D5C50023B2E0 /* Build configuration list for PBXNativeTarget "FantasyStatTrackerTests" */;
			buildPhases = (
				6F01FA012BB5D5C50023B2E0 /* Sources */,
				6F01FA022BB5D5C50023B2E0 /* Frameworks */,
				6F01FA032BB5D5C50023B2E0 /* Resources */,
			);
			buildRules = (
			);
			dependencies = (
				6F01FA072BB5D5C50023B2E0 /* PBXTargetDependency */,
			);
			name = FantasyStatTrackerTests;
			productName = FantasyStatTrackerTests;
			productReference = 6F01FA052BB5D5C50023B2E0 /* FantasyStatTrackerTests.xctest */;
			productType = "com.apple.product-type.bundle.unit-test";
		};
		6F01FA0E2BB5D5C50023B2E0 /* FantasyStatTrackerUITests */ = {
			isa = PBXNativeTarget;
			buildConfigurationList = 6F01FA1F2BB5D5C50023B2E0 /* Build configuration list for PBXNativeTarget "FantasyStatTrackerUITests" */;
			buildPhases = (
				6F01FA0B2BB5D5C50023B2E0 /* Sources */,
				6F01FA0C2BB5D5C50023B2E0 /* Frameworks */,
				6F01FA0D2BB5D5C50023B2E0 /* Resources */,
			);
			buildRules = (
			);
			dependencies = (
				6F01FA112BB5D5C50023B2E0 /* PBXTargetDependency */,
			);
			name = FantasyStatTrackerUITests;
			productName = FantasyStatTrackerUITests;
			productReference = 6F01FA0F2BB5D5C50023B2E0 /* FantasyStatTrackerUITests.xctest */;
			productType = "com.apple.product-type.bundle.ui-testing";
		};
/* End PBXNativeTarget section */

/* Begin PBXProject section */
		6F01F9ED2BB5D5C20023B2E0 /* Project object */ = {
			isa = PBXProject;
			attributes = {
				BuildIndependentTargetsInParallel = 1;
				LastSwiftUpdateCheck = 1530;
				LastUpgradeCheck = 1530;
				TargetAttributes = {
					6F01F9F42BB5D5C20023B2E0 = {
						CreatedOnToolsVersion = 15.3;
					};
					6F01FA042BB5D5C50023B2E0 = {
						CreatedOnToolsVersion = 15.3;
						TestTargetID = 6F01F9F42BB5D5C20023B2E0;
					};
					6F01FA0E2BB5D5C50023B2E0 = {
						CreatedOnToolsVersion = 15.3;
						TestTargetID = 6F01F9F42BB5D5C20023B2E0;
					};
				};
			};
			buildConfigurationList = 6F01F9F02BB5D5C20023B2E0 /* Build configuration list for PBXProject "FantasyStatTracker" */;
			compatibilityVersion = "Xcode 14.0";
			developmentRegion = en;
			hasScannedForEncodings = 0;
			knownRegions = (
				en,
				Base,
			);
			mainGroup = 6F01F9EC2BB5D5C20023B2E0;
			packageReferences = (
				6F5F26A52BBB13190084DF8B /* XCRemoteSwiftPackageReference "firebase-ios-sdk" */,
			);
			productRefGroup = 6F01F9F62BB5D5C20023B2E0 /* Products */;
			projectDirPath = "";
			projectRoot = "";
			targets = (
				6F01F9F42BB5D5C20023B2E0 /* FantasyStatTracker */,
				6F01FA042BB5D5C50023B2E0 /* FantasyStatTrackerTests */,
				6F01FA0E2BB5D5C50023B2E0 /* FantasyStatTrackerUITests */,
			);
		};
/* End PBXProject section */

/* Begin PBXResourcesBuildPhase section */
		6F01F9F32BB5D5C20023B2E0 /* Resources */ = {
			isa = PBXResourcesBuildPhase;
			buildActionMask = 2147483647;
			files = (
				6F01FA002BB5D5C40023B2E0 /* Preview Assets.xcassets in Resources */,
				6F01F9FD2BB5D5C40023B2E0 /* Assets.xcassets in Resources */,
				6F5F26A42BBB108E0084DF8B /* GoogleService-Info.plist in Resources */,
			);
			runOnlyForDeploymentPostprocessing = 0;
		};
		6F01FA032BB5D5C50023B2E0 /* Resources */ = {
			isa = PBXResourcesBuildPhase;
			buildActionMask = 2147483647;
			files = (
			);
			runOnlyForDeploymentPostprocessing = 0;
		};
		6F01FA0D2BB5D5C50023B2E0 /* Resources */ = {
			isa = PBXResourcesBuildPhase;
			buildActionMask = 2147483647;
			files = (
			);
			runOnlyForDeploymentPostprocessing = 0;
		};
/* End PBXResourcesBuildPhase section */

/* Begin PBXSourcesBuildPhase section */
		6F01F9F12BB5D5C20023B2E0 /* Sources */ = {
			isa = PBXSourcesBuildPhase;
			buildActionMask = 2147483647;
			files = (
				6F01F9FB2BB5D5C20023B2E0 /* ContentView.swift in Sources */,
				6F01FA292BB5E6AC0023B2E0 /* RetrievePlayerAPIData.swift in Sources */,
				6F5F26DD2BBB16420084DF8B /* PlayerView.swift in Sources */,
				6F01FA232BB5D5DF0023B2E0 /* PlayerList.swift in Sources */,
				6F01F9F92BB5D5C20023B2E0 /* FantasyStatTrackerApp.swift in Sources */,
				6F01FA272BB5DDAB0023B2E0 /* Player.swift in Sources */,
				6F01FA252BB5DCF10023B2E0 /* PlayerRow.swift in Sources */,
			);
			runOnlyForDeploymentPostprocessing = 0;
		};
		6F01FA012BB5D5C50023B2E0 /* Sources */ = {
			isa = PBXSourcesBuildPhase;
			buildActionMask = 2147483647;
			files = (
				6F01FA0A2BB5D5C50023B2E0 /* FantasyStatTrackerTests.swift in Sources */,
			);
			runOnlyForDeploymentPostprocessing = 0;
		};
		6F01FA0B2BB5D5C50023B2E0 /* Sources */ = {
			isa = PBXSourcesBuildPhase;
			buildActionMask = 2147483647;
			files = (
				6F01FA162BB5D5C50023B2E0 /* FantasyStatTrackerUITestsLaunchTests.swift in Sources */,
				6F01FA142BB5D5C50023B2E0 /* FantasyStatTrackerUITests.swift in Sources */,
			);
			runOnlyForDeploymentPostprocessing = 0;
		};
/* End PBXSourcesBuildPhase section */

/* Begin PBXTargetDependency section */
		6F01FA072BB5D5C50023B2E0 /* PBXTargetDependency */ = {
			isa = PBXTargetDependency;
			target = 6F01F9F42BB5D5C20023B2E0 /* FantasyStatTracker */;
			targetProxy = 6F01FA062BB5D5C50023B2E0 /* PBXContainerItemProxy */;
		};
		6F01FA112BB5D5C50023B2E0 /* PBXTargetDependency */ = {
			isa = PBXTargetDependency;
			target = 6F01F9F42BB5D5C20023B2E0 /* FantasyStatTracker */;
			targetProxy = 6F01FA102BB5D5C50023B2E0 /* PBXContainerItemProxy */;
		};
/* End PBXTargetDependency section */

/* Begin XCBuildConfiguration section */
		6F01FA172BB5D5C50023B2E0 /* Debug */ = {
			isa = XCBuildConfiguration;
			buildSettings = {
				ALWAYS_SEARCH_USER_PATHS = NO;
				ASSETCATALOG_COMPILER_GENERATE_SWIFT_ASSET_SYMBOL_EXTENSIONS = YES;
				CLANG_ANALYZER_NONNULL = YES;
				CLANG_ANALYZER_NUMBER_OBJECT_CONVERSION = YES_AGGRESSIVE;
				CLANG_CXX_LANGUAGE_STANDARD = "gnu++20";
				CLANG_ENABLE_MODULES = YES;
				CLANG_ENABLE_OBJC_ARC = YES;
				CLANG_ENABLE_OBJC_WEAK = YES;
				CLANG_WARN_BLOCK_CAPTURE_AUTORELEASING = YES;
				CLANG_WARN_BOOL_CONVERSION = YES;
				CLANG_WARN_COMMA = YES;
				CLANG_WARN_CONSTANT_CONVERSION = YES;
				CLANG_WARN_DEPRECATED_OBJC_IMPLEMENTATIONS = YES;
				CLANG_WARN_DIRECT_OBJC_ISA_USAGE = YES_ERROR;
				CLANG_WARN_DOCUMENTATION_COMMENTS = YES;
				CLANG_WARN_EMPTY_BODY = YES;
				CLANG_WARN_ENUM_CONVERSION = YES;
				CLANG_WARN_INFINITE_RECURSION = YES;
				CLANG_WARN_INT_CONVERSION = YES;
				CLANG_WARN_NON_LITERAL_NULL_CONVERSION = YES;
				CLANG_WARN_OBJC_IMPLICIT_RETAIN_SELF = YES;
				CLANG_WARN_OBJC_LITERAL_CONVERSION = YES;
				CLANG_WARN_OBJC_ROOT_CLASS = YES_ERROR;
				CLANG_WARN_QUOTED_INCLUDE_IN_FRAMEWORK_HEADER = YES;
				CLANG_WARN_RANGE_LOOP_ANALYSIS = YES;
				CLANG_WARN_STRICT_PROTOTYPES = YES;
				CLANG_WARN_SUSPICIOUS_MOVE = YES;
				CLANG_WARN_UNGUARDED_AVAILABILITY = YES_AGGRESSIVE;
				CLANG_WARN_UNREACHABLE_CODE = YES;
				CLANG_WARN__DUPLICATE_METHOD_MATCH = YES;
				COPY_PHASE_STRIP = NO;
				DEBUG_INFORMATION_FORMAT = dwarf;
				ENABLE_STRICT_OBJC_MSGSEND = YES;
				ENABLE_TESTABILITY = YES;
				ENABLE_USER_SCRIPT_SANDBOXING = YES;
				GCC_C_LANGUAGE_STANDARD = gnu17;
				GCC_DYNAMIC_NO_PIC = NO;
				GCC_NO_COMMON_BLOCKS = YES;
				GCC_OPTIMIZATION_LEVEL = 0;
				GCC_PREPROCESSOR_DEFINITIONS = (
					"DEBUG=1",
					"$(inherited)",
				);
				GCC_WARN_64_TO_32_BIT_CONVERSION = YES;
				GCC_WARN_ABOUT_RETURN_TYPE = YES_ERROR;
				GCC_WARN_UNDECLARED_SELECTOR = YES;
				GCC_WARN_UNINITIALIZED_AUTOS = YES_AGGRESSIVE;
				GCC_WARN_UNUSED_FUNCTION = YES;
				GCC_WARN_UNUSED_VARIABLE = YES;
				IPHONEOS_DEPLOYMENT_TARGET = 17.4;
				LOCALIZATION_PREFERS_STRING_CATALOGS = YES;
				MTL_ENABLE_DEBUG_INFO = INCLUDE_SOURCE;
				MTL_FAST_MATH = YES;
				ONLY_ACTIVE_ARCH = YES;
				SDKROOT = iphoneos;
				SWIFT_ACTIVE_COMPILATION_CONDITIONS = "DEBUG $(inherited)";
				SWIFT_OPTIMIZATION_LEVEL = "-Onone";
			};
			name = Debug;
		};
		6F01FA182BB5D5C50023B2E0 /* Release */ = {
			isa = XCBuildConfiguration;
			buildSettings = {
				ALWAYS_SEARCH_USER_PATHS = NO;
				ASSETCATALOG_COMPILER_GENERATE_SWIFT_ASSET_SYMBOL_EXTENSIONS = YES;
				CLANG_ANALYZER_NONNULL = YES;
				CLANG_ANALYZER_NUMBER_OBJECT_CONVERSION = YES_AGGRESSIVE;
				CLANG_CXX_LANGUAGE_STANDARD = "gnu++20";
				CLANG_ENABLE_MODULES = YES;
				CLANG_ENABLE_OBJC_ARC = YES;
				CLANG_ENABLE_OBJC_WEAK = YES;
				CLANG_WARN_BLOCK_CAPTURE_AUTORELEASING = YES;
				CLANG_WARN_BOOL_CONVERSION = YES;
				CLANG_WARN_COMMA = YES;
				CLANG_WARN_CONSTANT_CONVERSION = YES;
				CLANG_WARN_DEPRECATED_OBJC_IMPLEMENTATIONS = YES;
				CLANG_WARN_DIRECT_OBJC_ISA_USAGE = YES_ERROR;
				CLANG_WARN_DOCUMENTATION_COMMENTS = YES;
				CLANG_WARN_EMPTY_BODY = YES;
				CLANG_WARN_ENUM_CONVERSION = YES;
				CLANG_WARN_INFINITE_RECURSION = YES;
				CLANG_WARN_INT_CONVERSION = YES;
				CLANG_WARN_NON_LITERAL_NULL_CONVERSION = YES;
				CLANG_WARN_OBJC_IMPLICIT_RETAIN_SELF = YES;
				CLANG_WARN_OBJC_LITERAL_CONVERSION = YES;
				CLANG_WARN_OBJC_ROOT_CLASS = YES_ERROR;
				CLANG_WARN_QUOTED_INCLUDE_IN_FRAMEWORK_HEADER = YES;
				CLANG_WARN_RANGE_LOOP_ANALYSIS = YES;
				CLANG_WARN_STRICT_PROTOTYPES = YES;
				CLANG_WARN_SUSPICIOUS_MOVE = YES;
				CLANG_WARN_UNGUARDED_AVAILABILITY = YES_AGGRESSIVE;
				CLANG_WARN_UNREACHABLE_CODE = YES;
				CLANG_WARN__DUPLICATE_METHOD_MATCH = YES;
				COPY_PHASE_STRIP = NO;
				DEBUG_INFORMATION_FORMAT = "dwarf-with-dsym";
				ENABLE_NS_ASSERTIONS = NO;
				ENABLE_STRICT_OBJC_MSGSEND = YES;
				ENABLE_USER_SCRIPT_SANDBOXING = YES;
				GCC_C_LANGUAGE_STANDARD = gnu17;
				GCC_NO_COMMON_BLOCKS = YES;
				GCC_WARN_64_TO_32_BIT_CONVERSION = YES;
				GCC_WARN_ABOUT_RETURN_TYPE = YES_ERROR;
				GCC_WARN_UNDECLARED_SELECTOR = YES;
				GCC_WARN_UNINITIALIZED_AUTOS = YES_AGGRESSIVE;
				GCC_WARN_UNUSED_FUNCTION = YES;
				GCC_WARN_UNUSED_VARIABLE = YES;
				IPHONEOS_DEPLOYMENT_TARGET = 17.4;
				LOCALIZATION_PREFERS_STRING_CATALOGS = YES;
				MTL_ENABLE_DEBUG_INFO = NO;
				MTL_FAST_MATH = YES;
				SDKROOT = iphoneos;
				SWIFT_COMPILATION_MODE = wholemodule;
				VALIDATE_PRODUCT = YES;
			};
			name = Release;
		};
		6F01FA1A2BB5D5C50023B2E0 /* Debug */ = {
			isa = XCBuildConfiguration;
			buildSettings = {
				ASSETCATALOG_COMPILER_APPICON_NAME = AppIcon;
				ASSETCATALOG_COMPILER_GLOBAL_ACCENT_COLOR_NAME = AccentColor;
				CODE_SIGN_STYLE = Automatic;
				CURRENT_PROJECT_VERSION = 1;
				DEVELOPMENT_ASSET_PATHS = "\"FantasyStatTracker/Preview Content\"";
				DEVELOPMENT_TEAM = 2866Q6R7K5;
				ENABLE_PREVIEWS = YES;
				GENERATE_INFOPLIST_FILE = YES;
				INFOPLIST_KEY_UIApplicationSceneManifest_Generation = YES;
				INFOPLIST_KEY_UIApplicationSupportsIndirectInputEvents = YES;
				INFOPLIST_KEY_UILaunchScreen_Generation = YES;
				INFOPLIST_KEY_UISupportedInterfaceOrientations_iPad = "UIInterfaceOrientationPortrait UIInterfaceOrientationPortraitUpsideDown UIInterfaceOrientationLandscapeLeft UIInterfaceOrientationLandscapeRight";
				INFOPLIST_KEY_UISupportedInterfaceOrientations_iPhone = "UIInterfaceOrientationPortrait UIInterfaceOrientationLandscapeLeft UIInterfaceOrientationLandscapeRight";
				LD_RUNPATH_SEARCH_PATHS = (
					"$(inherited)",
					"@executable_path/Frameworks",
				);
				MARKETING_VERSION = 1.0;
				PRODUCT_BUNDLE_IDENTIFIER = Version1.FantasyStatTracker;
				PRODUCT_NAME = "$(TARGET_NAME)";
				SWIFT_EMIT_LOC_STRINGS = YES;
				SWIFT_VERSION = 5.0;
				TARGETED_DEVICE_FAMILY = "1,2";
			};
			name = Debug;
		};
		6F01FA1B2BB5D5C50023B2E0 /* Release */ = {
			isa = XCBuildConfiguration;
			buildSettings = {
				ASSETCATALOG_COMPILER_APPICON_NAME = AppIcon;
				ASSETCATALOG_COMPILER_GLOBAL_ACCENT_COLOR_NAME = AccentColor;
				CODE_SIGN_STYLE = Automatic;
				CURRENT_PROJECT_VERSION = 1;
				DEVELOPMENT_ASSET_PATHS = "\"FantasyStatTracker/Preview Content\"";
				DEVELOPMENT_TEAM = 2866Q6R7K5;
				ENABLE_PREVIEWS = YES;
				GENERATE_INFOPLIST_FILE = YES;
				INFOPLIST_KEY_UIApplicationSceneManifest_Generation = YES;
				INFOPLIST_KEY_UIApplicationSupportsIndirectInputEvents = YES;
				INFOPLIST_KEY_UILaunchScreen_Generation = YES;
				INFOPLIST_KEY_UISupportedInterfaceOrientations_iPad = "UIInterfaceOrientationPortrait UIInterfaceOrientationPortraitUpsideDown UIInterfaceOrientationLandscapeLeft UIInterfaceOrientationLandscapeRight";
				INFOPLIST_KEY_UISupportedInterfaceOrientations_iPhone = "UIInterfaceOrientationPortrait UIInterfaceOrientationLandscapeLeft UIInterfaceOrientationLandscapeRight";
				LD_RUNPATH_SEARCH_PATHS = (
					"$(inherited)",
					"@executable_path/Frameworks",
				);
				MARKETING_VERSION = 1.0;
				PRODUCT_BUNDLE_IDENTIFIER = Version1.FantasyStatTracker;
				PRODUCT_NAME = "$(TARGET_NAME)";
				SWIFT_EMIT_LOC_STRINGS = YES;
				SWIFT_VERSION = 5.0;
				TARGETED_DEVICE_FAMILY = "1,2";
			};
			name = Release;
		};
		6F01FA1D2BB5D5C50023B2E0 /* Debug */ = {
			isa = XCBuildConfiguration;
			buildSettings = {
				ALWAYS_EMBED_SWIFT_STANDARD_LIBRARIES = YES;
				BUNDLE_LOADER = "$(TEST_HOST)";
				CODE_SIGN_STYLE = Automatic;
				CURRENT_PROJECT_VERSION = 1;
				DEVELOPMENT_TEAM = 2866Q6R7K5;
				GENERATE_INFOPLIST_FILE = YES;
				IPHONEOS_DEPLOYMENT_TARGET = 17.4;
				MARKETING_VERSION = 1.0;
				PRODUCT_BUNDLE_IDENTIFIER = Version1.FantasyStatTrackerTests;
				PRODUCT_NAME = "$(TARGET_NAME)";
				SWIFT_EMIT_LOC_STRINGS = NO;
				SWIFT_VERSION = 5.0;
				TARGETED_DEVICE_FAMILY = "1,2";
				TEST_HOST = "$(BUILT_PRODUCTS_DIR)/FantasyStatTracker.app/$(BUNDLE_EXECUTABLE_FOLDER_PATH)/FantasyStatTracker";
			};
			name = Debug;
		};
		6F01FA1E2BB5D5C50023B2E0 /* Release */ = {
			isa = XCBuildConfiguration;
			buildSettings = {
				ALWAYS_EMBED_SWIFT_STANDARD_LIBRARIES = YES;
				BUNDLE_LOADER = "$(TEST_HOST)";
				CODE_SIGN_STYLE = Automatic;
				CURRENT_PROJECT_VERSION = 1;
				DEVELOPMENT_TEAM = 2866Q6R7K5;
				GENERATE_INFOPLIST_FILE = YES;
				IPHONEOS_DEPLOYMENT_TARGET = 17.4;
				MARKETING_VERSION = 1.0;
				PRODUCT_BUNDLE_IDENTIFIER = Version1.FantasyStatTrackerTests;
				PRODUCT_NAME = "$(TARGET_NAME)";
				SWIFT_EMIT_LOC_STRINGS = NO;
				SWIFT_VERSION = 5.0;
				TARGETED_DEVICE_FAMILY = "1,2";
				TEST_HOST = "$(BUILT_PRODUCTS_DIR)/FantasyStatTracker.app/$(BUNDLE_EXECUTABLE_FOLDER_PATH)/FantasyStatTracker";
			};
			name = Release;
		};
		6F01FA202BB5D5C50023B2E0 /* Debug */ = {
			isa = XCBuildConfiguration;
			buildSettings = {
				ALWAYS_EMBED_SWIFT_STANDARD_LIBRARIES = YES;
				CODE_SIGN_STYLE = Automatic;
				CURRENT_PROJECT_VERSION = 1;
				DEVELOPMENT_TEAM = 2866Q6R7K5;
				GENERATE_INFOPLIST_FILE = YES;
				MARKETING_VERSION = 1.0;
				PRODUCT_BUNDLE_IDENTIFIER = Version1.FantasyStatTrackerUITests;
				PRODUCT_NAME = "$(TARGET_NAME)";
				SWIFT_EMIT_LOC_STRINGS = NO;
				SWIFT_VERSION = 5.0;
				TARGETED_DEVICE_FAMILY = "1,2";
				TEST_TARGET_NAME = FantasyStatTracker;
			};
			name = Debug;
		};
		6F01FA212BB5D5C50023B2E0 /* Release */ = {
			isa = XCBuildConfiguration;
			buildSettings = {
				ALWAYS_EMBED_SWIFT_STANDARD_LIBRARIES = YES;
				CODE_SIGN_STYLE = Automatic;
				CURRENT_PROJECT_VERSION = 1;
				DEVELOPMENT_TEAM = 2866Q6R7K5;
				GENERATE_INFOPLIST_FILE = YES;
				MARKETING_VERSION = 1.0;
				PRODUCT_BUNDLE_IDENTIFIER = Version1.FantasyStatTrackerUITests;
				PRODUCT_NAME = "$(TARGET_NAME)";
				SWIFT_EMIT_LOC_STRINGS = NO;
				SWIFT_VERSION = 5.0;
				TARGETED_DEVICE_FAMILY = "1,2";
				TEST_TARGET_NAME = FantasyStatTracker;
			};
			name = Release;
		};
/* End XCBuildConfiguration section */

/* Begin XCConfigurationList section */
		6F01F9F02BB5D5C20023B2E0 /* Build configuration list for PBXProject "FantasyStatTracker" */ = {
			isa = XCConfigurationList;
			buildConfigurations = (
				6F01FA172BB5D5C50023B2E0 /* Debug */,
				6F01FA182BB5D5C50023B2E0 /* Release */,
			);
			defaultConfigurationIsVisible = 0;
			defaultConfigurationName = Release;
		};
		6F01FA192BB5D5C50023B2E0 /* Build configuration list for PBXNativeTarget "FantasyStatTracker" */ = {
			isa = XCConfigurationList;
			buildConfigurations = (
				6F01FA1A2BB5D5C50023B2E0 /* Debug */,
				6F01FA1B2BB5D5C50023B2E0 /* Release */,
			);
			defaultConfigurationIsVisible = 0;
			defaultConfigurationName = Release;
		};
		6F01FA1C2BB5D5C50023B2E0 /* Build configuration list for PBXNativeTarget "FantasyStatTrackerTests" */ = {
			isa = XCConfigurationList;
			buildConfigurations = (
				6F01FA1D2BB5D5C50023B2E0 /* Debug */,
				6F01FA1E2BB5D5C50023B2E0 /* Release */,
			);
			defaultConfigurationIsVisible = 0;
			defaultConfigurationName = Release;
		};
		6F01FA1F2BB5D5C50023B2E0 /* Build configuration list for PBXNativeTarget "FantasyStatTrackerUITests" */ = {
			isa = XCConfigurationList;
			buildConfigurations = (
				6F01FA202BB5D5C50023B2E0 /* Debug */,
				6F01FA212BB5D5C50023B2E0 /* Release */,
			);
			defaultConfigurationIsVisible = 0;
			defaultConfigurationName = Release;
		};
/* End XCConfigurationList section */

/* Begin XCRemoteSwiftPackageReference section */
		6F5F26A52BBB13190084DF8B /* XCRemoteSwiftPackageReference "firebase-ios-sdk" */ = {
			isa = XCRemoteSwiftPackageReference;
			repositoryURL = "https://github.com/firebase/firebase-ios-sdk";
			requirement = {
				kind = upToNextMajorVersion;
				minimumVersion = 10.23.1;
			};
		};
/* End XCRemoteSwiftPackageReference section */

/* Begin XCSwiftPackageProductDependency section */
		6F5F26A62BBB131A0084DF8B /* FirebaseAnalytics */ = {
			isa = XCSwiftPackageProductDependency;
			package = 6F5F26A52BBB13190084DF8B /* XCRemoteSwiftPackageReference "firebase-ios-sdk" */;
			productName = FirebaseAnalytics;
		};
		6F5F26A82BBB131A0084DF8B /* FirebaseAnalyticsOnDeviceConversion */ = {
			isa = XCSwiftPackageProductDependency;
			package = 6F5F26A52BBB13190084DF8B /* XCRemoteSwiftPackageReference "firebase-ios-sdk" */;
			productName = FirebaseAnalyticsOnDeviceConversion;
		};
		6F5F26AA2BBB131A0084DF8B /* FirebaseAnalyticsSwift */ = {
			isa = XCSwiftPackageProductDependency;
			package = 6F5F26A52BBB13190084DF8B /* XCRemoteSwiftPackageReference "firebase-ios-sdk" */;
			productName = FirebaseAnalyticsSwift;
		};
		6F5F26AC2BBB131A0084DF8B /* FirebaseAnalyticsWithoutAdIdSupport */ = {
			isa = XCSwiftPackageProductDependency;
			package = 6F5F26A52BBB13190084DF8B /* XCRemoteSwiftPackageReference "firebase-ios-sdk" */;
			productName = FirebaseAnalyticsWithoutAdIdSupport;
		};
		6F5F26AE2BBB131A0084DF8B /* FirebaseAppCheck */ = {
			isa = XCSwiftPackageProductDependency;
			package = 6F5F26A52BBB13190084DF8B /* XCRemoteSwiftPackageReference "firebase-ios-sdk" */;
			productName = FirebaseAppCheck;
		};
		6F5F26B02BBB131A0084DF8B /* FirebaseAppDistribution-Beta */ = {
			isa = XCSwiftPackageProductDependency;
			package = 6F5F26A52BBB13190084DF8B /* XCRemoteSwiftPackageReference "firebase-ios-sdk" */;
			productName = "FirebaseAppDistribution-Beta";
		};
		6F5F26B22BBB131A0084DF8B /* FirebaseAuth */ = {
			isa = XCSwiftPackageProductDependency;
			package = 6F5F26A52BBB13190084DF8B /* XCRemoteSwiftPackageReference "firebase-ios-sdk" */;
			productName = FirebaseAuth;
		};
		6F5F26B42BBB131A0084DF8B /* FirebaseAuthCombine-Community */ = {
			isa = XCSwiftPackageProductDependency;
			package = 6F5F26A52BBB13190084DF8B /* XCRemoteSwiftPackageReference "firebase-ios-sdk" */;
			productName = "FirebaseAuthCombine-Community";
		};
		6F5F26B62BBB131A0084DF8B /* FirebaseCrashlytics */ = {
			isa = XCSwiftPackageProductDependency;
			package = 6F5F26A52BBB13190084DF8B /* XCRemoteSwiftPackageReference "firebase-ios-sdk" */;
			productName = FirebaseCrashlytics;
		};
		6F5F26B82BBB131A0084DF8B /* FirebaseDatabase */ = {
			isa = XCSwiftPackageProductDependency;
			package = 6F5F26A52BBB13190084DF8B /* XCRemoteSwiftPackageReference "firebase-ios-sdk" */;
			productName = FirebaseDatabase;
		};
		6F5F26BA2BBB131A0084DF8B /* FirebaseDatabaseSwift */ = {
			isa = XCSwiftPackageProductDependency;
			package = 6F5F26A52BBB13190084DF8B /* XCRemoteSwiftPackageReference "firebase-ios-sdk" */;
			productName = FirebaseDatabaseSwift;
		};
		6F5F26BC2BBB131A0084DF8B /* FirebaseDynamicLinks */ = {
			isa = XCSwiftPackageProductDependency;
			package = 6F5F26A52BBB13190084DF8B /* XCRemoteSwiftPackageReference "firebase-ios-sdk" */;
			productName = FirebaseDynamicLinks;
		};
		6F5F26BE2BBB131A0084DF8B /* FirebaseFirestore */ = {
			isa = XCSwiftPackageProductDependency;
			package = 6F5F26A52BBB13190084DF8B /* XCRemoteSwiftPackageReference "firebase-ios-sdk" */;
			productName = FirebaseFirestore;
		};
		6F5F26C02BBB131A0084DF8B /* FirebaseFirestoreCombine-Community */ = {
			isa = XCSwiftPackageProductDependency;
			package = 6F5F26A52BBB13190084DF8B /* XCRemoteSwiftPackageReference "firebase-ios-sdk" */;
			productName = "FirebaseFirestoreCombine-Community";
		};
		6F5F26C22BBB131A0084DF8B /* FirebaseFirestoreSwift */ = {
			isa = XCSwiftPackageProductDependency;
			package = 6F5F26A52BBB13190084DF8B /* XCRemoteSwiftPackageReference "firebase-ios-sdk" */;
			productName = FirebaseFirestoreSwift;
		};
		6F5F26C42BBB131A0084DF8B /* FirebaseFunctions */ = {
			isa = XCSwiftPackageProductDependency;
			package = 6F5F26A52BBB13190084DF8B /* XCRemoteSwiftPackageReference "firebase-ios-sdk" */;
			productName = FirebaseFunctions;
		};
		6F5F26C62BBB131A0084DF8B /* FirebaseFunctionsCombine-Community */ = {
			isa = XCSwiftPackageProductDependency;
			package = 6F5F26A52BBB13190084DF8B /* XCRemoteSwiftPackageReference "firebase-ios-sdk" */;
			productName = "FirebaseFunctionsCombine-Community";
		};
		6F5F26C82BBB131A0084DF8B /* FirebaseInAppMessaging-Beta */ = {
			isa = XCSwiftPackageProductDependency;
			package = 6F5F26A52BBB13190084DF8B /* XCRemoteSwiftPackageReference "firebase-ios-sdk" */;
			productName = "FirebaseInAppMessaging-Beta";
		};
		6F5F26CA2BBB131A0084DF8B /* FirebaseInAppMessagingSwift-Beta */ = {
			isa = XCSwiftPackageProductDependency;
			package = 6F5F26A52BBB13190084DF8B /* XCRemoteSwiftPackageReference "firebase-ios-sdk" */;
			productName = "FirebaseInAppMessagingSwift-Beta";
		};
		6F5F26CC2BBB131A0084DF8B /* FirebaseInstallations */ = {
			isa = XCSwiftPackageProductDependency;
			package = 6F5F26A52BBB13190084DF8B /* XCRemoteSwiftPackageReference "firebase-ios-sdk" */;
			productName = FirebaseInstallations;
		};
		6F5F26CE2BBB131A0084DF8B /* FirebaseMLModelDownloader */ = {
			isa = XCSwiftPackageProductDependency;
			package = 6F5F26A52BBB13190084DF8B /* XCRemoteSwiftPackageReference "firebase-ios-sdk" */;
			productName = FirebaseMLModelDownloader;
		};
		6F5F26D02BBB131A0084DF8B /* FirebaseMessaging */ = {
			isa = XCSwiftPackageProductDependency;
			package = 6F5F26A52BBB13190084DF8B /* XCRemoteSwiftPackageReference "firebase-ios-sdk" */;
			productName = FirebaseMessaging;
		};
		6F5F26D22BBB131A0084DF8B /* FirebasePerformance */ = {
			isa = XCSwiftPackageProductDependency;
			package = 6F5F26A52BBB13190084DF8B /* XCRemoteSwiftPackageReference "firebase-ios-sdk" */;
			productName = FirebasePerformance;
		};
		6F5F26D42BBB131A0084DF8B /* FirebaseRemoteConfig */ = {
			isa = XCSwiftPackageProductDependency;
			package = 6F5F26A52BBB13190084DF8B /* XCRemoteSwiftPackageReference "firebase-ios-sdk" */;
			productName = FirebaseRemoteConfig;
		};
		6F5F26D62BBB131A0084DF8B /* FirebaseRemoteConfigSwift */ = {
			isa = XCSwiftPackageProductDependency;
			package = 6F5F26A52BBB13190084DF8B /* XCRemoteSwiftPackageReference "firebase-ios-sdk" */;
			productName = FirebaseRemoteConfigSwift;
		};
		6F5F26D82BBB131A0084DF8B /* FirebaseStorage */ = {
			isa = XCSwiftPackageProductDependency;
			package = 6F5F26A52BBB13190084DF8B /* XCRemoteSwiftPackageReference "firebase-ios-sdk" */;
			productName = FirebaseStorage;
		};
		6F5F26DA2BBB131A0084DF8B /* FirebaseStorageCombine-Community */ = {
			isa = XCSwiftPackageProductDependency;
			package = 6F5F26A52BBB13190084DF8B /* XCRemoteSwiftPackageReference "firebase-ios-sdk" */;
			productName = "FirebaseStorageCombine-Community";
		};
/* End XCSwiftPackageProductDependency section */
	};
	rootObject = 6F01F9ED2BB5D5C20023B2E0 /* Project object */;
}
